// !$*UTF8*$!
{
	archiveVersion = 1;
	classes = {
	};
	objectVersion = 46;
	objects = {

/* Begin PBXBuildFile section */
		5CC32D391F64E8A9005887DB /* main.m in Sources */ = {isa = PBXBuildFile; fileRef = 5CC32D381F64E8A9005887DB /* main.m */; };
		5CC32D3C1F64E8A9005887DB /* AppDelegate.m in Sources */ = {isa = PBXBuildFile; fileRef = 5CC32D3B1F64E8A9005887DB /* AppDelegate.m */; };
		5CC32D3F1F64E8A9005887DB /* ViewController.m in Sources */ = {isa = PBXBuildFile; fileRef = 5CC32D3E1F64E8A9005887DB /* ViewController.m */; };
		5CC32D421F64E8A9005887DB /* Main.storyboard in Resources */ = {isa = PBXBuildFile; fileRef = 5CC32D401F64E8A9005887DB /* Main.storyboard */; };
		5CC32D441F64E8A9005887DB /* Assets.xcassets in Resources */ = {isa = PBXBuildFile; fileRef = 5CC32D431F64E8A9005887DB /* Assets.xcassets */; };
		5CC32D471F64E8A9005887DB /* LaunchScreen.storyboard in Resources */ = {isa = PBXBuildFile; fileRef = 5CC32D451F64E8A9005887DB /* LaunchScreen.storyboard */; };
		5CC32D521F64E8A9005887DB /* meituanTests.m in Sources */ = {isa = PBXBuildFile; fileRef = 5CC32D511F64E8A9005887DB /* meituanTests.m */; };
		5CC32D5D1F64E8A9005887DB /* meituanUITests.m in Sources */ = {isa = PBXBuildFile; fileRef = 5CC32D5C1F64E8A9005887DB /* meituanUITests.m */; };
		5CC32D6C1F64EC36005887DB /* MainViewController.m in Sources */ = {isa = PBXBuildFile; fileRef = 5CC32D6B1F64EC36005887DB /* MainViewController.m */; };
/* End PBXBuildFile section */

/* Begin PBXContainerItemProxy section */
		5CC32D4E1F64E8A9005887DB /* PBXContainerItemProxy */ = {
			isa = PBXContainerItemProxy;
			containerPortal = 5CC32D2C1F64E8A8005887DB /* Project object */;
			proxyType = 1;
			remoteGlobalIDString = 5CC32D331F64E8A9005887DB;
			remoteInfo = meituan;
		};
		5CC32D591F64E8A9005887DB /* PBXContainerItemProxy */ = {
			isa = PBXContainerItemProxy;
			containerPortal = 5CC32D2C1F64E8A8005887DB /* Project object */;
			proxyType = 1;
			remoteGlobalIDString = 5CC32D331F64E8A9005887DB;
			remoteInfo = meituan;
		};
/* End PBXContainerItemProxy section */

/* Begin PBXFileReference section */
		5CC32D341F64E8A9005887DB /* meituan.app */ = {isa = PBXFileReference; explicitFileType = wrapper.application; includeInIndex = 0; path = meituan.app; sourceTree = BUILT_PRODUCTS_DIR; };
		5CC32D381F64E8A9005887DB /* main.m */ = {isa = PBXFileReference; lastKnownFileType = sourcecode.c.objc; path = main.m; sourceTree = "<group>"; };
		5CC32D3A1F64E8A9005887DB /* AppDelegate.h */ = {isa = PBXFileReference; lastKnownFileType = sourcecode.c.h; path = AppDelegate.h; sourceTree = "<group>"; };
		5CC32D3B1F64E8A9005887DB /* AppDelegate.m */ = {isa = PBXFileReference; lastKnownFileType = sourcecode.c.objc; path = AppDelegate.m; sourceTree = "<group>"; };
		5CC32D3D1F64E8A9005887DB /* ViewController.h */ = {isa = PBXFileReference; lastKnownFileType = sourcecode.c.h; path = ViewController.h; sourceTree = "<group>"; };
		5CC32D3E1F64E8A9005887DB /* ViewController.m */ = {isa = PBXFileReference; lastKnownFileType = sourcecode.c.objc; path = ViewController.m; sourceTree = "<group>"; };
		5CC32D411F64E8A9005887DB /* Base */ = {isa = PBXFileReference; lastKnownFileType = file.storyboard; name = Base; path = Base.lproj/Main.storyboard; sourceTree = "<group>"; };
		5CC32D431F64E8A9005887DB /* Assets.xcassets */ = {isa = PBXFileReference; lastKnownFileType = folder.assetcatalog; path = Assets.xcassets; sourceTree = "<group>"; };
		5CC32D461F64E8A9005887DB /* Base */ = {isa = PBXFileReference; lastKnownFileType = file.storyboard; name = Base; path = Base.lproj/LaunchScreen.storyboard; sourceTree = "<group>"; };
		5CC32D481F64E8A9005887DB /* Info.plist */ = {isa = PBXFileReference; lastKnownFileType = text.plist.xml; path = Info.plist; sourceTree = "<group>"; };
		5CC32D4D1F64E8A9005887DB /* meituanTests.xctest */ = {isa = PBXFileReference; explicitFileType = wrapper.cfbundle; includeInIndex = 0; path = meituanTests.xctest; sourceTree = BUILT_PRODUCTS_DIR; };
		5CC32D511F64E8A9005887DB /* meituanTests.m */ = {isa = PBXFileReference; lastKnownFileType = sourcecode.c.objc; path = meituanTests.m; sourceTree = "<group>"; };
		5CC32D531F64E8A9005887DB /* Info.plist */ = {isa = PBXFileReference; lastKnownFileType = text.plist.xml; path = Info.plist; sourceTree = "<group>"; };
		5CC32D581F64E8A9005887DB /* meituanUITests.xctest */ = {isa = PBXFileReference; explicitFileType = wrapper.cfbundle; includeInIndex = 0; path = meituanUITests.xctest; sourceTree = BUILT_PRODUCTS_DIR; };
		5CC32D5C1F64E8A9005887DB /* meituanUITests.m */ = {isa = PBXFileReference; lastKnownFileType = sourcecode.c.objc; path = meituanUITests.m; sourceTree = "<group>"; };
		5CC32D5E1F64E8A9005887DB /* Info.plist */ = {isa = PBXFileReference; lastKnownFileType = text.plist.xml; path = Info.plist; sourceTree = "<group>"; };
		5CC32D6A1F64EC36005887DB /* MainViewController.h */ = {isa = PBXFileReference; fileEncoding = 4; lastKnownFileType = sourcecode.c.h; path = MainViewController.h; sourceTree = "<group>"; };
		5CC32D6B1F64EC36005887DB /* MainViewController.m */ = {isa = PBXFileReference; fileEncoding = 4; lastKnownFileType = sourcecode.c.objc; path = MainViewController.m; sourceTree = "<group>"; };
/* End PBXFileReference section */

/* Begin PBXFrameworksBuildPhase section */
		5CC32D311F64E8A9005887DB /* Frameworks */ = {
			isa = PBXFrameworksBuildPhase;
			buildActionMask = 2147483647;
			files = (
			);
			runOnlyForDeploymentPostprocessing = 0;
		};
		5CC32D4A1F64E8A9005887DB /* Frameworks */ = {
			isa = PBXFrameworksBuildPhase;
			buildActionMask = 2147483647;
			files = (
			);
			runOnlyForDeploymentPostprocessing = 0;
		};
		5CC32D551F64E8A9005887DB /* Frameworks */ = {
			isa = PBXFrameworksBuildPhase;
			buildActionMask = 2147483647;
			files = (
			);
			runOnlyForDeploymentPostprocessing = 0;
		};
/* End PBXFrameworksBuildPhase section */

/* Begin PBXGroup section */
		5CC32D2B1F64E8A8005887DB = {
			isa = PBXGroup;
			children = (
				5CC32D361F64E8A9005887DB /* meituan */,
				5CC32D501F64E8A9005887DB /* meituanTests */,
				5CC32D5B1F64E8A9005887DB /* meituanUITests */,
				5CC32D351F64E8A9005887DB /* Products */,
			);
			sourceTree = "<group>";
		};
		5CC32D351F64E8A9005887DB /* Products */ = {
			isa = PBXGroup;
			children = (
				5CC32D341F64E8A9005887DB /* meituan.app */,
				5CC32D4D1F64E8A9005887DB /* meituanTests.xctest */,
				5CC32D581F64E8A9005887DB /* meituanUITests.xctest */,
			);
			name = Products;
			sourceTree = "<group>";
		};
		5CC32D361F64E8A9005887DB /* meituan */ = {
			isa = PBXGroup;
			children = (
				5CC32D3A1F64E8A9005887DB /* AppDelegate.h */,
				5CC32D3B1F64E8A9005887DB /* AppDelegate.m */,
				5CC32D3D1F64E8A9005887DB /* ViewController.h */,
				5CC32D3E1F64E8A9005887DB /* ViewController.m */,
				5CC32D6A1F64EC36005887DB /* MainViewController.h */,
				5CC32D6B1F64EC36005887DB /* MainViewController.m */,
				5CC32D401F64E8A9005887DB /* Main.storyboard */,
				5CC32D431F64E8A9005887DB /* Assets.xcassets */,
				5CC32D451F64E8A9005887DB /* LaunchScreen.storyboard */,
				5CC32D481F64E8A9005887DB /* Info.plist */,
				5CC32D371F64E8A9005887DB /* Supporting Files */,
			);
			path = meituan;
			sourceTree = "<group>";
		};
		5CC32D371F64E8A9005887DB /* Supporting Files */ = {
			isa = PBXGroup;
			children = (
				5CC32D381F64E8A9005887DB /* main.m */,
			);
			name = "Supporting Files";
			sourceTree = "<group>";
		};
		5CC32D501F64E8A9005887DB /* meituanTests */ = {
			isa = PBXGroup;
			children = (
				5CC32D511F64E8A9005887DB /* meituanTests.m */,
				5CC32D531F64E8A9005887DB /* Info.plist */,
			);
			path = meituanTests;
			sourceTree = "<group>";
		};
		5CC32D5B1F64E8A9005887DB /* meituanUITests */ = {
			isa = PBXGroup;
			children = (
				5CC32D5C1F64E8A9005887DB /* meituanUITests.m */,
				5CC32D5E1F64E8A9005887DB /* Info.plist */,
			);
			path = meituanUITests;
			sourceTree = "<group>";
		};
/* End PBXGroup section */

/* Begin PBXNativeTarget section */
		5CC32D331F64E8A9005887DB /* meituan */ = {
			isa = PBXNativeTarget;
			buildConfigurationList = 5CC32D611F64E8A9005887DB /* Build configuration list for PBXNativeTarget "meituan" */;
			buildPhases = (
				5CC32D301F64E8A9005887DB /* Sources */,
				5CC32D311F64E8A9005887DB /* Frameworks */,
				5CC32D321F64E8A9005887DB /* Resources */,
			);
			buildRules = (
			);
			dependencies = (
			);
			name = meituan;
			productName = meituan;
			productReference = 5CC32D341F64E8A9005887DB /* meituan.app */;
			productType = "com.apple.product-type.application";
		};
		5CC32D4C1F64E8A9005887DB /* meituanTests */ = {
			isa = PBXNativeTarget;
			buildConfigurationList = 5CC32D641F64E8A9005887DB /* Build configuration list for PBXNativeTarget "meituanTests" */;
			buildPhases = (
				5CC32D491F64E8A9005887DB /* Sources */,
				5CC32D4A1F64E8A9005887DB /* Frameworks */,
				5CC32D4B1F64E8A9005887DB /* Resources */,
			);
			buildRules = (
			);
			dependencies = (
				5CC32D4F1F64E8A9005887DB /* PBXTargetDependency */,
			);
			name = meituanTests;
			productName = meituanTests;
			productReference = 5CC32D4D1F64E8A9005887DB /* meituanTests.xctest */;
			productType = "com.apple.product-type.bundle.unit-test";
		};
		5CC32D571F64E8A9005887DB /* meituanUITests */ = {
			isa = PBXNativeTarget;
			buildConfigurationList = 5CC32D671F64E8A9005887DB /* Build configuration list for PBXNativeTarget "meituanUITests" */;
			buildPhases = (
				5CC32D541F64E8A9005887DB /* Sources */,
				5CC32D551F64E8A9005887DB /* Frameworks */,
				5CC32D561F64E8A9005887DB /* Resources */,
			);
			buildRules = (
			);
			dependencies = (
				5CC32D5A1F64E8A9005887DB /* PBXTargetDependency */,
			);
			name = meituanUITests;
			productName = meituanUITests;
			productReference = 5CC32D581F64E8A9005887DB /* meituanUITests.xctest */;
			productType = "com.apple.product-type.bundle.ui-testing";
		};
/* End PBXNativeTarget section */

/* Begin PBXProject section */
		5CC32D2C1F64E8A8005887DB /* Project object */ = {
			isa = PBXProject;
			attributes = {
				LastUpgradeCheck = 0830;
				ORGANIZATIONNAME = "郭奥";
				TargetAttributes = {
					5CC32D331F64E8A9005887DB = {
						CreatedOnToolsVersion = 8.3.3;
						ProvisioningStyle = Automatic;
					};
					5CC32D4C1F64E8A9005887DB = {
						CreatedOnToolsVersion = 8.3.3;
						ProvisioningStyle = Automatic;
						TestTargetID = 5CC32D331F64E8A9005887DB;
					};
					5CC32D571F64E8A9005887DB = {
						CreatedOnToolsVersion = 8.3.3;
						ProvisioningStyle = Automatic;
						TestTargetID = 5CC32D331F64E8A9005887DB;
					};
				};
			};
			buildConfigurationList = 5CC32D2F1F64E8A8005887DB /* Build configuration list for PBXProject "meituan" */;
			compatibilityVersion = "Xcode 3.2";
			developmentRegion = English;
			hasScannedForEncodings = 0;
			knownRegions = (
				en,
				Base,
			);
			mainGroup = 5CC32D2B1F64E8A8005887DB;
			productRefGroup = 5CC32D351F64E8A9005887DB /* Products */;
			projectDirPath = "";
			projectRoot = "";
			targets = (
				5CC32D331F64E8A9005887DB /* meituan */,
				5CC32D4C1F64E8A9005887DB /* meituanTests */,
				5CC32D571F64E8A9005887DB /* meituanUITests */,
			);
		};
/* End PBXProject section */

/* Begin PBXResourcesBuildPhase section */
		5CC32D321F64E8A9005887DB /* Resources */ = {
			isa = PBXResourcesBuildPhase;
			buildActionMask = 2147483647;
			files = (
				5CC32D471F64E8A9005887DB /* LaunchScreen.storyboard in Resources */,
				5CC32D441F64E8A9005887DB /* Assets.xcassets in Resources */,
				5CC32D421F64E8A9005887DB /* Main.storyboard in Resources */,
			);
			runOnlyForDeploymentPostprocessing = 0;
		};
		5CC32D4B1F64E8A9005887DB /* Resources */ = {
			isa = PBXResourcesBuildPhase;
			buildActionMask = 2147483647;
			files = (
			);
			runOnlyForDeploymentPostprocessing = 0;
		};
		5CC32D561F64E8A9005887DB /* Resources */ = {
			isa = PBXResourcesBuildPhase;
			buildActionMask = 2147483647;
			files = (
			);
			runOnlyForDeploymentPostprocessing = 0;
		};
/* End PBXResourcesBuildPhase section */

/* Begin PBXSourcesBuildPhase section */
		5CC32D301F64E8A9005887DB /* Sources */ = {
			isa = PBXSourcesBuildPhase;
			buildActionMask = 2147483647;
			files = (
				5CC32D3F1F64E8A9005887DB /* ViewController.m in Sources */,
				5CC32D3C1F64E8A9005887DB /* AppDelegate.m in Sources */,
				5CC32D391F64E8A9005887DB /* main.m in Sources */,
				5CC32D6C1F64EC36005887DB /* MainViewController.m in Sources */,
			);
			runOnlyForDeploymentPostprocessing = 0;
		};
		5CC32D491F64E8A9005887DB /* Sources */ = {
			isa = PBXSourcesBuildPhase;
			buildActionMask = 2147483647;
			files = (
				5CC32D521F64E8A9005887DB /* meituanTests.m in Sources */,
			);
			runOnlyForDeploymentPostprocessing = 0;
		};
		5CC32D541F64E8A9005887DB /* Sources */ = {
			isa = PBXSourcesBuildPhase;
			buildActionMask = 2147483647;
			files = (
				5CC32D5D1F64E8A9005887DB /* meituanUITests.m in Sources */,
			);
			runOnlyForDeploymentPostprocessing = 0;
		};
/* End PBXSourcesBuildPhase section */

/* Begin PBXTargetDependency section */
		5CC32D4F1F64E8A9005887DB /* PBXTargetDependency */ = {
			isa = PBXTargetDependency;
			target = 5CC32D331F64E8A9005887DB /* meituan */;
			targetProxy = 5CC32D4E1F64E8A9005887DB /* PBXContainerItemProxy */;
		};
		5CC32D5A1F64E8A9005887DB /* PBXTargetDependency */ = {
			isa = PBXTargetDependency;
			target = 5CC32D331F64E8A9005887DB /* meituan */;
			targetProxy = 5CC32D591F64E8A9005887DB /* PBXContainerItemProxy */;
		};
/* End PBXTargetDependency section */

/* Begin PBXVariantGroup section */
		5CC32D401F64E8A9005887DB /* Main.storyboard */ = {
			isa = PBXVariantGroup;
			children = (
				5CC32D411F64E8A9005887DB /* Base */,
			);
			name = Main.storyboard;
			sourceTree = "<group>";
		};
		5CC32D451F64E8A9005887DB /* LaunchScreen.storyboard */ = {
			isa = PBXVariantGroup;
			children = (
				5CC32D461F64E8A9005887DB /* Base */,
			);
			name = LaunchScreen.storyboard;
			sourceTree = "<group>";
		};
/* End PBXVariantGroup section */

/* Begin XCBuildConfiguration section */
		5CC32D5F1F64E8A9005887DB /* Debug */ = {
			isa = XCBuildConfiguration;
			buildSettings = {
				ALWAYS_SEARCH_USER_PATHS = NO;
				CLANG_ANALYZER_NONNULL = YES;
				CLANG_ANALYZER_NUMBER_OBJECT_CONVERSION = YES_AGGRESSIVE;
				CLANG_CXX_LANGUAGE_STANDARD = "gnu++0x";
				CLANG_CXX_LIBRARY = "libc++";
				CLANG_ENABLE_MODULES = YES;
				CLANG_ENABLE_OBJC_ARC = YES;
				CLANG_WARN_BOOL_CONVERSION = YES;
				CLANG_WARN_CONSTANT_CONVERSION = YES;
				CLANG_WARN_DIRECT_OBJC_ISA_USAGE = YES_ERROR;
				CLANG_WARN_DOCUMENTATION_COMMENTS = YES;
				CLANG_WARN_EMPTY_BODY = YES;
				CLANG_WARN_ENUM_CONVERSION = YES;
				CLANG_WARN_INFINITE_RECURSION = YES;
				CLANG_WARN_INT_CONVERSION = YES;
				CLANG_WARN_OBJC_ROOT_CLASS = YES_ERROR;
				CLANG_WARN_SUSPICIOUS_MOVE = YES;
				CLANG_WARN_UNREACHABLE_CODE = YES;
				CLANG_WARN__DUPLICATE_METHOD_MATCH = YES;
				"CODE_SIGN_IDENTITY[sdk=iphoneos*]" = "iPhone Developer";
				COPY_PHASE_STRIP = NO;
				DEBUG_INFORMATION_FORMAT = dwarf;
				ENABLE_STRICT_OBJC_MSGSEND = YES;
				ENABLE_TESTABILITY = YES;
				GCC_C_LANGUAGE_STANDARD = gnu99;
				GCC_DYNAMIC_NO_PIC = NO;
				GCC_NO_COMMON_BLOCKS = YES;
				GCC_OPTIMIZATION_LEVEL = 0;
				GCC_PREPROCESSOR_DEFINITIONS = (
					"DEBUG=1",
					"$(inherited)",
				);
				GCC_WARN_64_TO_32_BIT_CONVERSION = YES;
				GCC_WARN_ABOUT_RETURN_TYPE = YES_ERROR;
				GCC_WARN_UNDECLARED_SELECTOR = YES;
				GCC_WARN_UNINITIALIZED_AUTOS = YES_AGGRESSIVE;
				GCC_WARN_UNUSED_FUNCTION = YES;
				GCC_WARN_UNUSED_VARIABLE = YES;
				IPHONEOS_DEPLOYMENT_TARGET = 10.3;
				MTL_ENABLE_DEBUG_INFO = YES;
				ONLY_ACTIVE_ARCH = YES;
				SDKROOT = iphoneos;
				TARGETED_DEVICE_FAMILY = "1,2";
			};
			name = Debug;
		};
		5CC32D601F64E8A9005887DB /* Release */ = {
			isa = XCBuildConfiguration;
			buildSettings = {
				ALWAYS_SEARCH_USER_PATHS = NO;
				CLANG_ANALYZER_NONNULL = YES;
				CLANG_ANALYZER_NUMBER_OBJECT_CONVERSION = YES_AGGRESSIVE;
				CLANG_CXX_LANGUAGE_STANDARD = "gnu++0x";
				CLANG_CXX_LIBRARY = "libc++";
				CLANG_ENABLE_MODULES = YES;
				CLANG_ENABLE_OBJC_ARC = YES;
				CLANG_WARN_BOOL_CONVERSION = YES;
				CLANG_WARN_CONSTANT_CONVERSION = YES;
				CLANG_WARN_DIRECT_OBJC_ISA_USAGE = YES_ERROR;
				CLANG_WARN_DOCUMENTATION_COMMENTS = YES;
				CLANG_WARN_EMPTY_BODY = YES;
				CLANG_WARN_ENUM_CONVERSION = YES;
				CLANG_WARN_INFINITE_RECURSION = YES;
				CLANG_WARN_INT_CONVERSION = YES;
				CLANG_WARN_OBJC_ROOT_CLASS = YES_ERROR;
				CLANG_WARN_SUSPICIOUS_MOVE = YES;
				CLANG_WARN_UNREACHABLE_CODE = YES;
				CLANG_WARN__DUPLICATE_METHOD_MATCH = YES;
				"CODE_SIGN_IDENTITY[sdk=iphoneos*]" = "iPhone Developer";
				COPY_PHASE_STRIP = NO;
				DEBUG_INFORMATION_FORMAT = "dwarf-with-dsym";
				ENABLE_NS_ASSERTIONS = NO;
				ENABLE_STRICT_OBJC_MSGSEND = YES;
				GCC_C_LANGUAGE_STANDARD = gnu99;
				GCC_NO_COMMON_BLOCKS = YES;
				GCC_WARN_64_TO_32_BIT_CONVERSION = YES;
				GCC_WARN_ABOUT_RETURN_TYPE = YES_ERROR;
				GCC_WARN_UNDECLARED_SELECTOR = YES;
				GCC_WARN_UNINITIALIZED_AUTOS = YES_AGGRESSIVE;
				GCC_WARN_UNUSED_FUNCTION = YES;
				GCC_WARN_UNUSED_VARIABLE = YES;
				IPHONEOS_DEPLOYMENT_TARGET = 10.3;
				MTL_ENABLE_DEBUG_INFO = NO;
				SDKROOT = iphoneos;
				TARGETED_DEVICE_FAMILY = "1,2";
				VALIDATE_PRODUCT = YES;
			};
			name = Release;
		};
		5CC32D621F64E8A9005887DB /* Debug */ = {
			isa = XCBuildConfiguration;
			buildSettings = {
				ASSETCATALOG_COMPILER_APPICON_NAME = AppIcon;
				INFOPLIST_FILE = meituan/Info.plist;
				LD_RUNPATH_SEARCH_PATHS = "$(inherited) @executable_path/Frameworks";
				PRODUCT_BUNDLE_IDENTIFIER = guoao.meituan;
				PRODUCT_NAME = "$(TARGET_NAME)";
			};
			name = Debug;
		};
		5CC32D631F64E8A9005887DB /* Release */ = {
			isa = XCBuildConfiguration;
			buildSettings = {
				ASSETCATALOG_COMPILER_APPICON_NAME = AppIcon;
				INFOPLIST_FILE = meituan/Info.plist;
				LD_RUNPATH_SEARCH_PATHS = "$(inherited) @executable_path/Frameworks";
				PRODUCT_BUNDLE_IDENTIFIER = guoao.meituan;
				PRODUCT_NAME = "$(TARGET_NAME)";
			};
			name = Release;
		};
		5CC32D651F64E8A9005887DB /* Debug */ = {
			isa = XCBuildConfiguration;
			buildSettings = {
				BUNDLE_LOADER = "$(TEST_HOST)";
				INFOPLIST_FILE = meituanTests/Info.plist;
				LD_RUNPATH_SEARCH_PATHS = "$(inherited) @executable_path/Frameworks @loader_path/Frameworks";
				PRODUCT_BUNDLE_IDENTIFIER = guoao.meituanTests;
				PRODUCT_NAME = "$(TARGET_NAME)";
				TEST_HOST = "$(BUILT_PRODUCTS_DIR)/meituan.app/meituan";
			};
			name = Debug;
		};
		5CC32D661F64E8A9005887DB /* Release */ = {
			isa = XCBuildConfiguration;
			buildSettings = {
				BUNDLE_LOADER = "$(TEST_HOST)";
				INFOPLIST_FILE = meituanTests/Info.plist;
				LD_RUNPATH_SEARCH_PATHS = "$(inherited) @executable_path/Frameworks @loader_path/Frameworks";
				PRODUCT_BUNDLE_IDENTIFIER = guoao.meituanTests;
				PRODUCT_NAME = "$(TARGET_NAME)";
				TEST_HOST = "$(BUILT_PRODUCTS_DIR)/meituan.app/meituan";
			};
			name = Release;
		};
		5CC32D681F64E8A9005887DB /* Debug */ = {
			isa = XCBuildConfiguration;
			buildSettings = {
				INFOPLIST_FILE = meituanUITests/Info.plist;
				LD_RUNPATH_SEARCH_PATHS = "$(inherited) @executable_path/Frameworks @loader_path/Frameworks";
				PRODUCT_BUNDLE_IDENTIFIER = guoao.meituanUITests;
				PRODUCT_NAME = "$(TARGET_NAME)";
				TEST_TARGET_NAME = meituan;
			};
			name = Debug;
		};
		5CC32D691F64E8A9005887DB /* Release */ = {
			isa = XCBuildConfiguration;
			buildSettings = {
				INFOPLIST_FILE = meituanUITests/Info.plist;
				LD_RUNPATH_SEARCH_PATHS = "$(inherited) @executable_path/Frameworks @loader_path/Frameworks";
				PRODUCT_BUNDLE_IDENTIFIER = guoao.meituanUITests;
				PRODUCT_NAME = "$(TARGET_NAME)";
				TEST_TARGET_NAME = meituan;
			};
			name = Release;
		};
/* End XCBuildConfiguration section */

/* Begin XCConfigurationList section */
		5CC32D2F1F64E8A8005887DB /* Build configuration list for PBXProject "meituan" */ = {
			isa = XCConfigurationList;
			buildConfigurations = (
				5CC32D5F1F64E8A9005887DB /* Debug */,
				5CC32D601F64E8A9005887DB /* Release */,
			);
			defaultConfigurationIsVisible = 0;
			defaultConfigurationName = Release;
		};
		5CC32D611F64E8A9005887DB /* Build configuration list for PBXNativeTarget "meituan" */ = {
			isa = XCConfigurationList;
			buildConfigurations = (
				5CC32D621F64E8A9005887DB /* Debug */,
				5CC32D631F64E8A9005887DB /* Release */,
			);
			defaultConfigurationIsVisible = 0;
			defaultConfigurationName = Release;
		};
		5CC32D641F64E8A9005887DB /* Build configuration list for PBXNativeTarget "meituanTests" */ = {
			isa = XCConfigurationList;
			buildConfigurations = (
				5CC32D651F64E8A9005887DB /* Debug */,
				5CC32D661F64E8A9005887DB /* Release */,
			);
			defaultConfigurationIsVisible = 0;
			defaultConfigurationName = Release;
		};
		5CC32D671F64E8A9005887DB /* Build configuration list for PBXNativeTarget "meituanUITests" */ = {
			isa = XCConfigurationList;
			buildConfigurations = (
				5CC32D681F64E8A9005887DB /* Debug */,
				5CC32D691F64E8A9005887DB /* Release */,
			);
			defaultConfigurationIsVisible = 0;
			defaultConfigurationName = Release;
		};
/* End XCConfigurationList section */
	};
	rootObject = 5CC32D2C1F64E8A8005887DB /* Project object */;
}
